<?xml version="1.0" encoding="utf-8"?>
<Project ToolsVersion="4.0" xmlns="http://schemas.microsoft.com/developer/msbuild/2003">
  <ItemGroup>
    <Filter Include="源文件">
      <UniqueIdentifier>{46ad0645-717c-413c-b5c6-b6aaf168287d}</UniqueIdentifier>
    </Filter>
    <Filter Include="生成的文件">
      <UniqueIdentifier>{3bfd78a6-441f-4b86-b465-c3fac18b3546}</UniqueIdentifier>
      <SourceControlFiles>False</SourceControlFiles>
    </Filter>
  </ItemGroup>
  <ItemGroup>
    <None Include="Beyond.APMps.def" />
  </ItemGroup>
  <ItemGroup>
    <ClCompile Include="BeyondAPM_i.c">
      <Filter>生成的文件</Filter>
    </ClCompile>
    <ClCompile Include="BeyondAPM_p.c">
      <Filter>生成的文件</Filter>
    </ClCompile>
    <ClCompile Include="dlldata.c">
      <Filter>生成的文件</Filter>
    </ClCompile>
  </ItemGroup>
</Project>